// !$*UTF8*$!
{
	archiveVersion = 1;
	classes = {
	};
	objectVersion = 46;
	objects = {

/* Begin PBXBuildFile section */
		3FCAC68E1D8900DB001636D1 /* AppDelegate.swift in Sources */ = {isa = PBXBuildFile; fileRef = 3FCAC68D1D8900DB001636D1 /* AppDelegate.swift */; };
		3FCAC6901D8900DB001636D1 /* ViewController.swift in Sources */ = {isa = PBXBuildFile; fileRef = 3FCAC68F1D8900DB001636D1 /* ViewController.swift */; };
		3FCAC6931D8900DB001636D1 /* Main.storyboard in Resources */ = {isa = PBXBuildFile; fileRef = 3FCAC6911D8900DB001636D1 /* Main.storyboard */; };
		3FCAC6951D8900DB001636D1 /* Assets.xcassets in Resources */ = {isa = PBXBuildFile; fileRef = 3FCAC6941D8900DB001636D1 /* Assets.xcassets */; };
		3FCAC6981D8900DB001636D1 /* LaunchScreen.storyboard in Resources */ = {isa = PBXBuildFile; fileRef = 3FCAC6961D8900DB001636D1 /* LaunchScreen.storyboard */; };
		3FCAC6A31D8900DB001636D1 /* tippyTests.swift in Sources */ = {isa = PBXBuildFile; fileRef = 3FCAC6A21D8900DB001636D1 /* tippyTests.swift */; };
		3FCAC6AE1D8900DB001636D1 /* tippyUITests.swift in Sources */ = {isa = PBXBuildFile; fileRef = 3FCAC6AD1D8900DB001636D1 /* tippyUITests.swift */; };
/* End PBXBuildFile section */

/* Begin PBXContainerItemProxy section */
		3FCAC69F1D8900DB001636D1 /* PBXContainerItemProxy */ = {
			isa = PBXContainerItemProxy;
			containerPortal = 3FCAC6821D8900DB001636D1 /* Project object */;
			proxyType = 1;
			remoteGlobalIDString = 3FCAC6891D8900DB001636D1;
			remoteInfo = tippy;
		};
		3FCAC6AA1D8900DB001636D1 /* PBXContainerItemProxy */ = {
			isa = PBXContainerItemProxy;
			containerPortal = 3FCAC6821D8900DB001636D1 /* Project object */;
			proxyType = 1;
			remoteGlobalIDString = 3FCAC6891D8900DB001636D1;
			remoteInfo = tippy;
		};
/* End PBXContainerItemProxy section */

/* Begin PBXFileReference section */
		3FCAC68A1D8900DB001636D1 /* tippy.app */ = {isa = PBXFileReference; explicitFileType = wrapper.application; includeInIndex = 0; path = tippy.app; sourceTree = BUILT_PRODUCTS_DIR; };
		3FCAC68D1D8900DB001636D1 /* AppDelegate.swift */ = {isa = PBXFileReference; lastKnownFileType = sourcecode.swift; path = AppDelegate.swift; sourceTree = "<group>"; };
		3FCAC68F1D8900DB001636D1 /* ViewController.swift */ = {isa = PBXFileReference; lastKnownFileType = sourcecode.swift; path = ViewController.swift; sourceTree = "<group>"; };
		3FCAC6921D8900DB001636D1 /* Base */ = {isa = PBXFileReference; lastKnownFileType = file.storyboard; name = Base; path = Base.lproj/Main.storyboard; sourceTree = "<group>"; };
		3FCAC6941D8900DB001636D1 /* Assets.xcassets */ = {isa = PBXFileReference; lastKnownFileType = folder.assetcatalog; path = Assets.xcassets; sourceTree = "<group>"; };
		3FCAC6971D8900DB001636D1 /* Base */ = {isa = PBXFileReference; lastKnownFileType = file.storyboard; name = Base; path = Base.lproj/LaunchScreen.storyboard; sourceTree = "<group>"; };
		3FCAC6991D8900DB001636D1 /* Info.plist */ = {isa = PBXFileReference; lastKnownFileType = text.plist.xml; path = Info.plist; sourceTree = "<group>"; };
		3FCAC69E1D8900DB001636D1 /* tippyTests.xctest */ = {isa = PBXFileReference; explicitFileType = wrapper.cfbundle; includeInIndex = 0; path = tippyTests.xctest; sourceTree = BUILT_PRODUCTS_DIR; };
		3FCAC6A21D8900DB001636D1 /* tippyTests.swift */ = {isa = PBXFileReference; lastKnownFileType = sourcecode.swift; path = tippyTests.swift; sourceTree = "<group>"; };
		3FCAC6A41D8900DB001636D1 /* Info.plist */ = {isa = PBXFileReference; lastKnownFileType = text.plist.xml; path = Info.plist; sourceTree = "<group>"; };
		3FCAC6A91D8900DB001636D1 /* tippyUITests.xctest */ = {isa = PBXFileReference; explicitFileType = wrapper.cfbundle; includeInIndex = 0; path = tippyUITests.xctest; sourceTree = BUILT_PRODUCTS_DIR; };
		3FCAC6AD1D8900DB001636D1 /* tippyUITests.swift */ = {isa = PBXFileReference; lastKnownFileType = sourcecode.swift; path = tippyUITests.swift; sourceTree = "<group>"; };
		3FCAC6AF1D8900DB001636D1 /* Info.plist */ = {isa = PBXFileReference; lastKnownFileType = text.plist.xml; path = Info.plist; sourceTree = "<group>"; };
/* End PBXFileReference section */

/* Begin PBXFrameworksBuildPhase section */
		3FCAC6871D8900DB001636D1 /* Frameworks */ = {
			isa = PBXFrameworksBuildPhase;
			buildActionMask = 2147483647;
			files = (
			);
			runOnlyForDeploymentPostprocessing = 0;
		};
		3FCAC69B1D8900DB001636D1 /* Frameworks */ = {
			isa = PBXFrameworksBuildPhase;
			buildActionMask = 2147483647;
			files = (
			);
			runOnlyForDeploymentPostprocessing = 0;
		};
		3FCAC6A61D8900DB001636D1 /* Frameworks */ = {
			isa = PBXFrameworksBuildPhase;
			buildActionMask = 2147483647;
			files = (
			);
			runOnlyForDeploymentPostprocessing = 0;
		};
/* End PBXFrameworksBuildPhase section */

/* Begin PBXGroup section */
		3FCAC6811D8900DB001636D1 = {
			isa = PBXGroup;
			children = (
				3FCAC68C1D8900DB001636D1 /* tippy */,
				3FCAC6A11D8900DB001636D1 /* tippyTests */,
				3FCAC6AC1D8900DB001636D1 /* tippyUITests */,
				3FCAC68B1D8900DB001636D1 /* Products */,
			);
			sourceTree = "<group>";
		};
		3FCAC68B1D8900DB001636D1 /* Products */ = {
			isa = PBXGroup;
			children = (
				3FCAC68A1D8900DB001636D1 /* tippy.app */,
				3FCAC69E1D8900DB001636D1 /* tippyTests.xctest */,
				3FCAC6A91D8900DB001636D1 /* tippyUITests.xctest */,
			);
			name = Products;
			sourceTree = "<group>";
		};
		3FCAC68C1D8900DB001636D1 /* tippy */ = {
			isa = PBXGroup;
			children = (
				3FCAC68D1D8900DB001636D1 /* AppDelegate.swift */,
				3FCAC68F1D8900DB001636D1 /* ViewController.swift */,
				3FCAC6911D8900DB001636D1 /* Main.storyboard */,
				3FCAC6941D8900DB001636D1 /* Assets.xcassets */,
				3FCAC6961D8900DB001636D1 /* LaunchScreen.storyboard */,
				3FCAC6991D8900DB001636D1 /* Info.plist */,
			);
			path = tippy;
			sourceTree = "<group>";
		};
		3FCAC6A11D8900DB001636D1 /* tippyTests */ = {
			isa = PBXGroup;
			children = (
				3FCAC6A21D8900DB001636D1 /* tippyTests.swift */,
				3FCAC6A41D8900DB001636D1 /* Info.plist */,
			);
			path = tippyTests;
			sourceTree = "<group>";
		};
		3FCAC6AC1D8900DB001636D1 /* tippyUITests */ = {
			isa = PBXGroup;
			children = (
				3FCAC6AD1D8900DB001636D1 /* tippyUITests.swift */,
				3FCAC6AF1D8900DB001636D1 /* Info.plist */,
			);
			path = tippyUITests;
			sourceTree = "<group>";
		};
/* End PBXGroup section */

/* Begin PBXNativeTarget section */
		3FCAC6891D8900DB001636D1 /* tippy */ = {
			isa = PBXNativeTarget;
			buildConfigurationList = 3FCAC6B21D8900DB001636D1 /* Build configuration list for PBXNativeTarget "tippy" */;
			buildPhases = (
				3FCAC6861D8900DB001636D1 /* Sources */,
				3FCAC6871D8900DB001636D1 /* Frameworks */,
				3FCAC6881D8900DB001636D1 /* Resources */,
			);
			buildRules = (
			);
			dependencies = (
			);
			name = tippy;
			productName = tippy;
			productReference = 3FCAC68A1D8900DB001636D1 /* tippy.app */;
			productType = "com.apple.product-type.application";
		};
		3FCAC69D1D8900DB001636D1 /* tippyTests */ = {
			isa = PBXNativeTarget;
			buildConfigurationList = 3FCAC6B51D8900DB001636D1 /* Build configuration list for PBXNativeTarget "tippyTests" */;
			buildPhases = (
				3FCAC69A1D8900DB001636D1 /* Sources */,
				3FCAC69B1D8900DB001636D1 /* Frameworks */,
				3FCAC69C1D8900DB001636D1 /* Resources */,
			);
			buildRules = (
			);
			dependencies = (
				3FCAC6A01D8900DB001636D1 /* PBXTargetDependency */,
			);
			name = tippyTests;
			productName = tippyTests;
			productReference = 3FCAC69E1D8900DB001636D1 /* tippyTests.xctest */;
			productType = "com.apple.product-type.bundle.unit-test";
		};
		3FCAC6A81D8900DB001636D1 /* tippyUITests */ = {
			isa = PBXNativeTarget;
			buildConfigurationList = 3FCAC6B81D8900DB001636D1 /* Build configuration list for PBXNativeTarget "tippyUITests" */;
			buildPhases = (
				3FCAC6A51D8900DB001636D1 /* Sources */,
				3FCAC6A61D8900DB001636D1 /* Frameworks */,
				3FCAC6A71D8900DB001636D1 /* Resources */,
			);
			buildRules = (
			);
			dependencies = (
				3FCAC6AB1D8900DB001636D1 /* PBXTargetDependency */,
			);
			name = tippyUITests;
			productName = tippyUITests;
			productReference = 3FCAC6A91D8900DB001636D1 /* tippyUITests.xctest */;
			productType = "com.apple.product-type.bundle.ui-testing";
		};
/* End PBXNativeTarget section */

/* Begin PBXProject section */
		3FCAC6821D8900DB001636D1 /* Project object */ = {
			isa = PBXProject;
			attributes = {
				LastSwiftUpdateCheck = 0730;
				LastUpgradeCheck = 0730;
				ORGANIZATIONNAME = Student;
				TargetAttributes = {
					3FCAC6891D8900DB001636D1 = {
						CreatedOnToolsVersion = 7.3.1;
					};
					3FCAC69D1D8900DB001636D1 = {
						CreatedOnToolsVersion = 7.3.1;
						TestTargetID = 3FCAC6891D8900DB001636D1;
					};
					3FCAC6A81D8900DB001636D1 = {
						CreatedOnToolsVersion = 7.3.1;
						TestTargetID = 3FCAC6891D8900DB001636D1;
					};
				};
			};
			buildConfigurationList = 3FCAC6851D8900DB001636D1 /* Build configuration list for PBXProject "tippy" */;
			compatibilityVersion = "Xcode 3.2";
			developmentRegion = English;
			hasScannedForEncodings = 0;
			knownRegions = (
				en,
				Base,
			);
			mainGroup = 3FCAC6811D8900DB001636D1;
			productRefGroup = 3FCAC68B1D8900DB001636D1 /* Products */;
			projectDirPath = "";
			projectRoot = "";
			targets = (
				3FCAC6891D8900DB001636D1 /* tippy */,
				3FCAC69D1D8900DB001636D1 /* tippyTests */,
				3FCAC6A81D8900DB001636D1 /* tippyUITests */,
			);
		};
/* End PBXProject section */

/* Begin PBXResourcesBuildPhase section */
		3FCAC6881D8900DB001636D1 /* Resources */ = {
			isa = PBXResourcesBuildPhase;
			buildActionMask = 2147483647;
			files = (
				3FCAC6981D8900DB001636D1 /* LaunchScreen.storyboard in Resources */,
				3FCAC6951D8900DB001636D1 /* Assets.xcassets in Resources */,
				3FCAC6931D8900DB001636D1 /* Main.storyboard in Resources */,
			);
			runOnlyForDeploymentPostprocessing = 0;
		};
		3FCAC69C1D8900DB001636D1 /* Resources */ = {
			isa = PBXResourcesBuildPhase;
			buildActionMask = 2147483647;
			files = (
			);
			runOnlyForDeploymentPostprocessing = 0;
		};
		3FCAC6A71D8900DB001636D1 /* Resources */ = {
			isa = PBXResourcesBuildPhase;
			buildActionMask = 2147483647;
			files = (
			);
			runOnlyForDeploymentPostprocessing = 0;
		};
/* End PBXResourcesBuildPhase section */

/* Begin PBXSourcesBuildPhase section */
		3FCAC6861D8900DB001636D1 /* Sources */ = {
			isa = PBXSourcesBuildPhase;
			buildActionMask = 2147483647;
			files = (
				3FCAC6901D8900DB001636D1 /* ViewController.swift in Sources */,
				3FCAC68E1D8900DB001636D1 /* AppDelegate.swift in Sources */,
			);
			runOnlyForDeploymentPostprocessing = 0;
		};
		3FCAC69A1D8900DB001636D1 /* Sources */ = {
			isa = PBXSourcesBuildPhase;
			buildActionMask = 2147483647;
			files = (
				3FCAC6A31D8900DB001636D1 /* tippyTests.swift in Sources */,
			);
			runOnlyForDeploymentPostprocessing = 0;
		};
		3FCAC6A51D8900DB001636D1 /* Sources */ = {
			isa = PBXSourcesBuildPhase;
			buildActionMask = 2147483647;
			files = (
				3FCAC6AE1D8900DB001636D1 /* tippyUITests.swift in Sources */,
			);
			runOnlyForDeploymentPostprocessing = 0;
		};
/* End PBXSourcesBuildPhase section */

/* Begin PBXTargetDependency section */
		3FCAC6A01D8900DB001636D1 /* PBXTargetDependency */ = {
			isa = PBXTargetDependency;
			target = 3FCAC6891D8900DB001636D1 /* tippy */;
			targetProxy = 3FCAC69F1D8900DB001636D1 /* PBXContainerItemProxy */;
		};
		3FCAC6AB1D8900DB001636D1 /* PBXTargetDependency */ = {
			isa = PBXTargetDependency;
			target = 3FCAC6891D8900DB001636D1 /* tippy */;
			targetProxy = 3FCAC6AA1D8900DB001636D1 /* PBXContainerItemProxy */;
		};
/* End PBXTargetDependency section */

/* Begin PBXVariantGroup section */
		3FCAC6911D8900DB001636D1 /* Main.storyboard */ = {
			isa = PBXVariantGroup;
			children = (
				3FCAC6921D8900DB001636D1 /* Base */,
			);
			name = Main.storyboard;
			sourceTree = "<group>";
		};
		3FCAC6961D8900DB001636D1 /* LaunchScreen.storyboard */ = {
			isa = PBXVariantGroup;
			children = (
				3FCAC6971D8900DB001636D1 /* Base */,
			);
			name = LaunchScreen.storyboard;
			sourceTree = "<group>";
		};
/* End PBXVariantGroup section */

/* Begin XCBuildConfiguration section */
		3FCAC6B01D8900DB001636D1 /* Debug */ = {
			isa = XCBuildConfiguration;
			buildSettings = {
				ALWAYS_SEARCH_USER_PATHS = NO;
				CLANG_ANALYZER_NONNULL = YES;
				CLANG_CXX_LANGUAGE_STANDARD = "gnu++0x";
				CLANG_CXX_LIBRARY = "libc++";
				CLANG_ENABLE_MODULES = YES;
				CLANG_ENABLE_OBJC_ARC = YES;
				CLANG_WARN_BOOL_CONVERSION = YES;
				CLANG_WARN_CONSTANT_CONVERSION = YES;
				CLANG_WARN_DIRECT_OBJC_ISA_USAGE = YES_ERROR;
				CLANG_WARN_EMPTY_BODY = YES;
				CLANG_WARN_ENUM_CONVERSION = YES;
				CLANG_WARN_INT_CONVERSION = YES;
				CLANG_WARN_OBJC_ROOT_CLASS = YES_ERROR;
				CLANG_WARN_UNREACHABLE_CODE = YES;
				CLANG_WARN__DUPLICATE_METHOD_MATCH = YES;
				"CODE_SIGN_IDENTITY[sdk=iphoneos*]" = "iPhone Developer";
				COPY_PHASE_STRIP = NO;
				DEBUG_INFORMATION_FORMAT = dwarf;
				ENABLE_STRICT_OBJC_MSGSEND = YES;
				ENABLE_TESTABILITY = YES;
				GCC_C_LANGUAGE_STANDARD = gnu99;
				GCC_DYNAMIC_NO_PIC = NO;
				GCC_NO_COMMON_BLOCKS = YES;
				GCC_OPTIMIZATION_LEVEL = 0;
				GCC_PREPROCESSOR_DEFINITIONS = (
					"DEBUG=1",
					"$(inherited)",
				);
				GCC_WARN_64_TO_32_BIT_CONVERSION = YES;
				GCC_WARN_ABOUT_RETURN_TYPE = YES_ERROR;
				GCC_WARN_UNDECLARED_SELECTOR = YES;
				GCC_WARN_UNINITIALIZED_AUTOS = YES_AGGRESSIVE;
				GCC_WARN_UNUSED_FUNCTION = YES;
				GCC_WARN_UNUSED_VARIABLE = YES;
				IPHONEOS_DEPLOYMENT_TARGET = 9.3;
				MTL_ENABLE_DEBUG_INFO = YES;
				ONLY_ACTIVE_ARCH = YES;
				SDKROOT = iphoneos;
				SWIFT_OPTIMIZATION_LEVEL = "-Onone";
			};
			name = Debug;
		};
		3FCAC6B11D8900DB001636D1 /* Release */ = {
			isa = XCBuildConfiguration;
			buildSettings = {
				ALWAYS_SEARCH_USER_PATHS = NO;
				CLANG_ANALYZER_NONNULL = YES;
				CLANG_CXX_LANGUAGE_STANDARD = "gnu++0x";
				CLANG_CXX_LIBRARY = "libc++";
				CLANG_ENABLE_MODULES = YES;
				CLANG_ENABLE_OBJC_ARC = YES;
				CLANG_WARN_BOOL_CONVERSION = YES;
				CLANG_WARN_CONSTANT_CONVERSION = YES;
				CLANG_WARN_DIRECT_OBJC_ISA_USAGE = YES_ERROR;
				CLANG_WARN_EMPTY_BODY = YES;
				CLANG_WARN_ENUM_CONVERSION = YES;
				CLANG_WARN_INT_CONVERSION = YES;
				CLANG_WARN_OBJC_ROOT_CLASS = YES_ERROR;
				CLANG_WARN_UNREACHABLE_CODE = YES;
				CLANG_WARN__DUPLICATE_METHOD_MATCH = YES;
				"CODE_SIGN_IDENTITY[sdk=iphoneos*]" = "iPhone Developer";
				COPY_PHASE_STRIP = NO;
				DEBUG_INFORMATION_FORMAT = "dwarf-with-dsym";
				ENABLE_NS_ASSERTIONS = NO;
				ENABLE_STRICT_OBJC_MSGSEND = YES;
				GCC_C_LANGUAGE_STANDARD = gnu99;
				GCC_NO_COMMON_BLOCKS = YES;
				GCC_WARN_64_TO_32_BIT_CONVERSION = YES;
				GCC_WARN_ABOUT_RETURN_TYPE = YES_ERROR;
				GCC_WARN_UNDECLARED_SELECTOR = YES;
				GCC_WARN_UNINITIALIZED_AUTOS = YES_AGGRESSIVE;
				GCC_WARN_UNUSED_FUNCTION = YES;
				GCC_WARN_UNUSED_VARIABLE = YES;
				IPHONEOS_DEPLOYMENT_TARGET = 9.3;
				MTL_ENABLE_DEBUG_INFO = NO;
				SDKROOT = iphoneos;
				VALIDATE_PRODUCT = YES;
			};
			name = Release;
		};
		3FCAC6B31D8900DB001636D1 /* Debug */ = {
			isa = XCBuildConfiguration;
			buildSettings = {
				ASSETCATALOG_COMPILER_APPICON_NAME = AppIcon;
				INFOPLIST_FILE = tippy/Info.plist;
				LD_RUNPATH_SEARCH_PATHS = "$(inherited) @executable_path/Frameworks";
				PRODUCT_BUNDLE_IDENTIFIER = Scope.tippy;
				PRODUCT_NAME = "$(TARGET_NAME)";
			};
			name = Debug;
		};
		3FCAC6B41D8900DB001636D1 /* Release */ = {
			isa = XCBuildConfiguration;
			buildSettings = {
				ASSETCATALOG_COMPILER_APPICON_NAME = AppIcon;
				INFOPLIST_FILE = tippy/Info.plist;
				LD_RUNPATH_SEARCH_PATHS = "$(inherited) @executable_path/Frameworks";
				PRODUCT_BUNDLE_IDENTIFIER = Scope.tippy;
				PRODUCT_NAME = "$(TARGET_NAME)";
			};
			name = Release;
		};
		3FCAC6B61D8900DB001636D1 /* Debug */ = {
			isa = XCBuildConfiguration;
			buildSettings = {
				BUNDLE_LOADER = "$(TEST_HOST)";
				INFOPLIST_FILE = tippyTests/Info.plist;
				LD_RUNPATH_SEARCH_PATHS = "$(inherited) @executable_path/Frameworks @loader_path/Frameworks";
				PRODUCT_BUNDLE_IDENTIFIER = Scope.tippyTests;
				PRODUCT_NAME = "$(TARGET_NAME)";
				TEST_HOST = "$(BUILT_PRODUCTS_DIR)/tippy.app/tippy";
			};
			name = Debug;
		};
		3FCAC6B71D8900DB001636D1 /* Release */ = {
			isa = XCBuildConfiguration;
			buildSettings = {
				BUNDLE_LOADER = "$(TEST_HOST)";
				INFOPLIST_FILE = tippyTests/Info.plist;
				LD_RUNPATH_SEARCH_PATHS = "$(inherited) @executable_path/Frameworks @loader_path/Frameworks";
				PRODUCT_BUNDLE_IDENTIFIER = Scope.tippyTests;
				PRODUCT_NAME = "$(TARGET_NAME)";
				TEST_HOST = "$(BUILT_PRODUCTS_DIR)/tippy.app/tippy";
			};
			name = Release;
		};
		3FCAC6B91D8900DB001636D1 /* Debug */ = {
			isa = XCBuildConfiguration;
			buildSettings = {
				INFOPLIST_FILE = tippyUITests/Info.plist;
				LD_RUNPATH_SEARCH_PATHS = "$(inherited) @executable_path/Frameworks @loader_path/Frameworks";
				PRODUCT_BUNDLE_IDENTIFIER = Scope.tippyUITests;
				PRODUCT_NAME = "$(TARGET_NAME)";
				TEST_TARGET_NAME = tippy;
			};
			name = Debug;
		};
		3FCAC6BA1D8900DB001636D1 /* Release */ = {
			isa = XCBuildConfiguration;
			buildSettings = {
				INFOPLIST_FILE = tippyUITests/Info.plist;
				LD_RUNPATH_SEARCH_PATHS = "$(inherited) @executable_path/Frameworks @loader_path/Frameworks";
				PRODUCT_BUNDLE_IDENTIFIER = Scope.tippyUITests;
				PRODUCT_NAME = "$(TARGET_NAME)";
				TEST_TARGET_NAME = tippy;
			};
			name = Release;
		};
/* End XCBuildConfiguration section */

/* Begin XCConfigurationList section */
		3FCAC6851D8900DB001636D1 /* Build configuration list for PBXProject "tippy" */ = {
			isa = XCConfigurationList;
			buildConfigurations = (
				3FCAC6B01D8900DB001636D1 /* Debug */,
				3FCAC6B11D8900DB001636D1 /* Release */,
			);
			defaultConfigurationIsVisible = 0;
			defaultConfigurationName = Release;
		};
		3FCAC6B21D8900DB001636D1 /* Build configuration list for PBXNativeTarget "tippy" */ = {
			isa = XCConfigurationList;
			buildConfigurations = (
				3FCAC6B31D8900DB001636D1 /* Debug */,
				3FCAC6B41D8900DB001636D1 /* Release */,
			);
			defaultConfigurationIsVisible = 0;
		};
		3FCAC6B51D8900DB001636D1 /* Build configuration list for PBXNativeTarget "tippyTests" */ = {
			isa = XCConfigurationList;
			buildConfigurations = (
				3FCAC6B61D8900DB001636D1 /* Debug */,
				3FCAC6B71D8900DB001636D1 /* Release */,
			);
			defaultConfigurationIsVisible = 0;
		};
		3FCAC6B81D8900DB001636D1 /* Build configuration list for PBXNativeTarget "tippyUITests" */ = {
			isa = XCConfigurationList;
			buildConfigurations = (
				3FCAC6B91D8900DB001636D1 /* Debug */,
				3FCAC6BA1D8900DB001636D1 /* Release */,
			);
			defaultConfigurationIsVisible = 0;
		};
/* End XCConfigurationList section */
	};
	rootObject = 3FCAC6821D8900DB001636D1 /* Project object */;
}
